
Microsoft Visual Studio Solution File, Format Version 12.00
# Visual Studio 15
VisualStudioVersion = 15.0.28307.421
MinimumVisualStudioVersion = 10.0.40219.1
Project("{FAE04EC0-301F-11D3-BF4B-00C04F79EFBC}") = "Project4C", "Project4C\Project4C.csproj", "{16C143DC-8C88-4C39-B984-BF6F3D9632EF}"
EndProject
Project("{8BC9CEB8-8B4A-11D0-8D11-00A0C91BC942}") = "RedisHelper", "RedisHelper\RedisHelper.vcxproj", "{BB64193A-7A21-4FB3-B67D-2D07961AC8A5}"
EndProject
Project("{8BC9CEB8-8B4A-11D0-8D11-00A0C91BC942}") = "RedisWriteTest", "RedisWriteTest\RedisWriteTest.vcxproj", "{10B49EDB-CA86-431C-8886-1EF58D11AE9D}"
EndProject
Project("{FAE04EC0-301F-11D3-BF4B-00C04F79EFBC}") = "PreCheckSys", "PreCheckSys\PreCheckSys.csproj", "{03701D56-40EB-47D7-BD27-EA2D88E0080F}"
EndProject
Project("{8BC9CEB8-8B4A-11D0-8D11-00A0C91BC942}") = "Redis2Sqlite", "Redis2Sqlite\Redis2Sqlite.vcxproj", "{365B0971-53D3-4E42-91EC-A8451391F642}"
EndProject
Project("{8BC9CEB8-8B4A-11D0-8D11-00A0C91BC942}") = "Test", "Test\Test.vcxproj", "{2D868924-FBAF-4ED0-AB9C-EC31811A295A}"
EndProject
Project("{8BC9CEB8-8B4A-11D0-8D11-00A0C91BC942}") = "CallAIServ", "CallAIServ\CallAIServ.vcxproj", "{790C3CDF-CD73-4489-951D-03C40FC1C482}"
EndProject
Project("{FAE04EC0-301F-11D3-BF4B-00C04F79EFBC}") = "TaskMonitoring", "TaskMonitoring\TaskMonitoring.csproj", "{E3FC7BBC-F8E5-46D5-96F0-505F78849A71}"
EndProject
Project("{FAE04EC0-301F-11D3-BF4B-00C04F79EFBC}") = "VideoRPC", "VideoRPC\VideoRPC.csproj", "{5E1AA6A2-7F55-41AD-BD12-458E87682329}"
EndProject
Project("{FAE04EC0-301F-11D3-BF4B-00C04F79EFBC}") = "ComClassLib", "ComClassLib\ComClassLib.csproj", "{E68A45B7-1041-4B5D-88BD-7ED088AA65F6}"
EndProject
Project("{2150E333-8FDC-42A3-9474-1A3956D46DE8}") = "Solution Items", "Solution Items", "{7C6D38FA-33E8-4C46-8CE7-481CDA5343CE}"
	ProjectSection(SolutionItems) = preProject
		工作记录.log = 工作记录.log
	EndProjectSection
EndProject
Global
	GlobalSection(SolutionConfigurationPlatforms) = preSolution
		Debug|Any CPU = Debug|Any CPU
		Debug|x64 = Debug|x64
		Debug|x86 = Debug|x86
		Release|Any CPU = Release|Any CPU
		Release|x64 = Release|x64
		Release|x86 = Release|x86
	EndGlobalSection
	GlobalSection(ProjectConfigurationPlatforms) = postSolution
		{16C143DC-8C88-4C39-B984-BF6F3D9632EF}.Debug|Any CPU.ActiveCfg = Debug|Any CPU
		{16C143DC-8C88-4C39-B984-BF6F3D9632EF}.Debug|Any CPU.Build.0 = Debug|Any CPU
		{16C143DC-8C88-4C39-B984-BF6F3D9632EF}.Debug|x64.ActiveCfg = Debug|x64
		{16C143DC-8C88-4C39-B984-BF6F3D9632EF}.Debug|x64.Build.0 = Debug|x64
		{16C143DC-8C88-4C39-B984-BF6F3D9632EF}.Debug|x86.ActiveCfg = Debug|Any CPU
		{16C143DC-8C88-4C39-B984-BF6F3D9632EF}.Debug|x86.Build.0 = Debug|Any CPU
		{16C143DC-8C88-4C39-B984-BF6F3D9632EF}.Release|Any CPU.ActiveCfg = Release|Any CPU
		{16C143DC-8C88-4C39-B984-BF6F3D9632EF}.Release|Any CPU.Build.0 = Release|Any CPU
		{16C143DC-8C88-4C39-B984-BF6F3D9632EF}.Release|x64.ActiveCfg = Release|x64
		{16C143DC-8C88-4C39-B984-BF6F3D9632EF}.Release|x64.Build.0 = Release|x64
		{16C143DC-8C88-4C39-B984-BF6F3D9632EF}.Release|x86.ActiveCfg = Release|Any CPU
		{16C143DC-8C88-4C39-B984-BF6F3D9632EF}.Release|x86.Build.0 = Release|Any CPU
		{BB64193A-7A21-4FB3-B67D-2D07961AC8A5}.Debug|Any CPU.ActiveCfg = Debug|Win32
		{BB64193A-7A21-4FB3-B67D-2D07961AC8A5}.Debug|x64.ActiveCfg = Debug|x64
		{BB64193A-7A21-4FB3-B67D-2D07961AC8A5}.Debug|x64.Build.0 = Debug|x64
		{BB64193A-7A21-4FB3-B67D-2D07961AC8A5}.Debug|x86.ActiveCfg = Debug|Win32
		{BB64193A-7A21-4FB3-B67D-2D07961AC8A5}.Debug|x86.Build.0 = Debug|Win32
		{BB64193A-7A21-4FB3-B67D-2D07961AC8A5}.Release|Any CPU.ActiveCfg = Release|Win32
		{BB64193A-7A21-4FB3-B67D-2D07961AC8A5}.Release|x64.ActiveCfg = Release|x64
		{BB64193A-7A21-4FB3-B67D-2D07961AC8A5}.Release|x64.Build.0 = Release|x64
		{BB64193A-7A21-4FB3-B67D-2D07961AC8A5}.Release|x86.ActiveCfg = Release|Win32
		{BB64193A-7A21-4FB3-B67D-2D07961AC8A5}.Release|x86.Build.0 = Release|Win32
		{10B49EDB-CA86-431C-8886-1EF58D11AE9D}.Debug|Any CPU.ActiveCfg = Debug|Win32
		{10B49EDB-CA86-431C-8886-1EF58D11AE9D}.Debug|x64.ActiveCfg = Debug|x64
		{10B49EDB-CA86-431C-8886-1EF58D11AE9D}.Debug|x64.Build.0 = Debug|x64
		{10B49EDB-CA86-431C-8886-1EF58D11AE9D}.Debug|x86.ActiveCfg = Debug|Win32
		{10B49EDB-CA86-431C-8886-1EF58D11AE9D}.Debug|x86.Build.0 = Debug|Win32
		{10B49EDB-CA86-431C-8886-1EF58D11AE9D}.Release|Any CPU.ActiveCfg = Release|Win32
		{10B49EDB-CA86-431C-8886-1EF58D11AE9D}.Release|x64.ActiveCfg = Release|x64
		{10B49EDB-CA86-431C-8886-1EF58D11AE9D}.Release|x64.Build.0 = Release|x64
		{10B49EDB-CA86-431C-8886-1EF58D11AE9D}.Release|x86.ActiveCfg = Release|Win32
		{10B49EDB-CA86-431C-8886-1EF58D11AE9D}.Release|x86.Build.0 = Release|Win32
		{03701D56-40EB-47D7-BD27-EA2D88E0080F}.Debug|Any CPU.ActiveCfg = Debug|Any CPU
		{03701D56-40EB-47D7-BD27-EA2D88E0080F}.Debug|Any CPU.Build.0 = Debug|Any CPU
		{03701D56-40EB-47D7-BD27-EA2D88E0080F}.Debug|x64.ActiveCfg = Debug|x64
		{03701D56-40EB-47D7-BD27-EA2D88E0080F}.Debug|x64.Build.0 = Debug|x64
		{03701D56-40EB-47D7-BD27-EA2D88E0080F}.Debug|x86.ActiveCfg = Debug|Any CPU
		{03701D56-40EB-47D7-BD27-EA2D88E0080F}.Debug|x86.Build.0 = Debug|Any CPU
		{03701D56-40EB-47D7-BD27-EA2D88E0080F}.Release|Any CPU.ActiveCfg = Release|Any CPU
		{03701D56-40EB-47D7-BD27-EA2D88E0080F}.Release|Any CPU.Build.0 = Release|Any CPU
		{03701D56-40EB-47D7-BD27-EA2D88E0080F}.Release|x64.ActiveCfg = Release|x64
		{03701D56-40EB-47D7-BD27-EA2D88E0080F}.Release|x64.Build.0 = Release|x64
		{03701D56-40EB-47D7-BD27-EA2D88E0080F}.Release|x86.ActiveCfg = Release|Any CPU
		{03701D56-40EB-47D7-BD27-EA2D88E0080F}.Release|x86.Build.0 = Release|Any CPU
		{365B0971-53D3-4E42-91EC-A8451391F642}.Debug|Any CPU.ActiveCfg = Debug|Win32
		{365B0971-53D3-4E42-91EC-A8451391F642}.Debug|x64.ActiveCfg = Debug|x64
		{365B0971-53D3-4E42-91EC-A8451391F642}.Debug|x64.Build.0 = Debug|x64
		{365B0971-53D3-4E42-91EC-A8451391F642}.Debug|x86.ActiveCfg = Debug|Win32
		{365B0971-53D3-4E42-91EC-A8451391F642}.Debug|x86.Build.0 = Debug|Win32
		{365B0971-53D3-4E42-91EC-A8451391F642}.Release|Any CPU.ActiveCfg = Release|Win32
		{365B0971-53D3-4E42-91EC-A8451391F642}.Release|x64.ActiveCfg = Release|x64
		{365B0971-53D3-4E42-91EC-A8451391F642}.Release|x64.Build.0 = Release|x64
		{365B0971-53D3-4E42-91EC-A8451391F642}.Release|x86.ActiveCfg = Release|Win32
		{365B0971-53D3-4E42-91EC-A8451391F642}.Release|x86.Build.0 = Release|Win32
		{2D868924-FBAF-4ED0-AB9C-EC31811A295A}.Debug|Any CPU.ActiveCfg = Debug|Win32
		{2D868924-FBAF-4ED0-AB9C-EC31811A295A}.Debug|x64.ActiveCfg = Debug|x64
		{2D868924-FBAF-4ED0-AB9C-EC31811A295A}.Debug|x64.Build.0 = Debug|x64
		{2D868924-FBAF-4ED0-AB9C-EC31811A295A}.Debug|x86.ActiveCfg = Debug|Win32
		{2D868924-FBAF-4ED0-AB9C-EC31811A295A}.Debug|x86.Build.0 = Debug|Win32
		{2D868924-FBAF-4ED0-AB9C-EC31811A295A}.Release|Any CPU.ActiveCfg = Release|Win32
		{2D868924-FBAF-4ED0-AB9C-EC31811A295A}.Release|x64.ActiveCfg = Release|x64
		{2D868924-FBAF-4ED0-AB9C-EC31811A295A}.Release|x64.Build.0 = Release|x64
		{2D868924-FBAF-4ED0-AB9C-EC31811A295A}.Release|x86.ActiveCfg = Release|Win32
		{2D868924-FBAF-4ED0-AB9C-EC31811A295A}.Release|x86.Build.0 = Release|Win32
		{790C3CDF-CD73-4489-951D-03C40FC1C482}.Debug|Any CPU.ActiveCfg = Debug|Win32
		{790C3CDF-CD73-4489-951D-03C40FC1C482}.Debug|x64.ActiveCfg = Debug|x64
		{790C3CDF-CD73-4489-951D-03C40FC1C482}.Debug|x64.Build.0 = Debug|x64
		{790C3CDF-CD73-4489-951D-03C40FC1C482}.Debug|x86.ActiveCfg = Debug|Win32
		{790C3CDF-CD73-4489-951D-03C40FC1C482}.Debug|x86.Build.0 = Debug|Win32
		{790C3CDF-CD73-4489-951D-03C40FC1C482}.Release|Any CPU.ActiveCfg = Release|Win32
		{790C3CDF-CD73-4489-951D-03C40FC1C482}.Release|x64.ActiveCfg = Release|x64
		{790C3CDF-CD73-4489-951D-03C40FC1C482}.Release|x64.Build.0 = Release|x64
		{790C3CDF-CD73-4489-951D-03C40FC1C482}.Release|x86.ActiveCfg = Release|Win32
		{790C3CDF-CD73-4489-951D-03C40FC1C482}.Release|x86.Build.0 = Release|Win32
		{E3FC7BBC-F8E5-46D5-96F0-505F78849A71}.Debug|Any CPU.ActiveCfg = Debug|Any CPU
		{E3FC7BBC-F8E5-46D5-96F0-505F78849A71}.Debug|Any CPU.Build.0 = Debug|Any CPU
		{E3FC7BBC-F8E5-46D5-96F0-505F78849A71}.Debug|x64.ActiveCfg = Debug|x64
		{E3FC7BBC-F8E5-46D5-96F0-505F78849A71}.Debug|x64.Build.0 = Debug|x64
		{E3FC7BBC-F8E5-46D5-96F0-505F78849A71}.Debug|x86.ActiveCfg = Debug|Any CPU
		{E3FC7BBC-F8E5-46D5-96F0-505F78849A71}.Debug|x86.Build.0 = Debug|Any CPU
		{E3FC7BBC-F8E5-46D5-96F0-505F78849A71}.Release|Any CPU.ActiveCfg = Release|Any CPU
		{E3FC7BBC-F8E5-46D5-96F0-505F78849A71}.Release|Any CPU.Build.0 = Release|Any CPU
		{E3FC7BBC-F8E5-46D5-96F0-505F78849A71}.Release|x64.ActiveCfg = Release|x64
		{E3FC7BBC-F8E5-46D5-96F0-505F78849A71}.Release|x64.Build.0 = Release|x64
		{E3FC7BBC-F8E5-46D5-96F0-505F78849A71}.Release|x86.ActiveCfg = Release|Any CPU
		{E3FC7BBC-F8E5-46D5-96F0-505F78849A71}.Release|x86.Build.0 = Release|Any CPU
		{5E1AA6A2-7F55-41AD-BD12-458E87682329}.Debug|Any CPU.ActiveCfg = Debug|Any CPU
		{5E1AA6A2-7F55-41AD-BD12-458E87682329}.Debug|Any CPU.Build.0 = Debug|Any CPU
		{5E1AA6A2-7F55-41AD-BD12-458E87682329}.Debug|x64.ActiveCfg = Debug|Any CPU
		{5E1AA6A2-7F55-41AD-BD12-458E87682329}.Debug|x64.Build.0 = Debug|Any CPU
		{5E1AA6A2-7F55-41AD-BD12-458E87682329}.Debug|x86.ActiveCfg = Debug|Any CPU
		{5E1AA6A2-7F55-41AD-BD12-458E87682329}.Debug|x86.Build.0 = Debug|Any CPU
		{5E1AA6A2-7F55-41AD-BD12-458E87682329}.Release|Any CPU.ActiveCfg = Release|Any CPU
		{5E1AA6A2-7F55-41AD-BD12-458E87682329}.Release|Any CPU.Build.0 = Release|Any CPU
		{5E1AA6A2-7F55-41AD-BD12-458E87682329}.Release|x64.ActiveCfg = Release|x64
		{5E1AA6A2-7F55-41AD-BD12-458E87682329}.Release|x64.Build.0 = Release|x64
		{5E1AA6A2-7F55-41AD-BD12-458E87682329}.Release|x86.ActiveCfg = Release|Any CPU
		{5E1AA6A2-7F55-41AD-BD12-458E87682329}.Release|x86.Build.0 = Release|Any CPU
		{E68A45B7-1041-4B5D-88BD-7ED088AA65F6}.Debug|Any CPU.ActiveCfg = Debug|Any CPU
		{E68A45B7-1041-4B5D-88BD-7ED088AA65F6}.Debug|Any CPU.Build.0 = Debug|Any CPU
		{E68A45B7-1041-4B5D-88BD-7ED088AA65F6}.Debug|x64.ActiveCfg = Debug|Any CPU
		{E68A45B7-1041-4B5D-88BD-7ED088AA65F6}.Debug|x64.Build.0 = Debug|Any CPU
		{E68A45B7-1041-4B5D-88BD-7ED088AA65F6}.Debug|x86.ActiveCfg = Debug|Any CPU
		{E68A45B7-1041-4B5D-88BD-7ED088AA65F6}.Debug|x86.Build.0 = Debug|Any CPU
		{E68A45B7-1041-4B5D-88BD-7ED088AA65F6}.Release|Any CPU.ActiveCfg = Release|Any CPU
		{E68A45B7-1041-4B5D-88BD-7ED088AA65F6}.Release|Any CPU.Build.0 = Release|Any CPU
		{E68A45B7-1041-4B5D-88BD-7ED088AA65F6}.Release|x64.ActiveCfg = Release|Any CPU
		{E68A45B7-1041-4B5D-88BD-7ED088AA65F6}.Release|x64.Build.0 = Release|Any CPU
		{E68A45B7-1041-4B5D-88BD-7ED088AA65F6}.Release|x86.ActiveCfg = Release|Any CPU
		{E68A45B7-1041-4B5D-88BD-7ED088AA65F6}.Release|x86.Build.0 = Release|Any CPU
	EndGlobalSection
	GlobalSection(SolutionProperties) = preSolution
		HideSolutionNode = FALSE
	EndGlobalSection
	GlobalSection(ExtensibilityGlobals) = postSolution
		SolutionGuid = {76AD6301-62CE-421B-94CB-26D3BB2FED06}
	EndGlobalSection
EndGlobal
